
Microsoft Visual Studio Solution File, Format Version 12.00
# Visual Studio Version 17
VisualStudioVersion = 17.5.33516.290
MinimumVisualStudioVersion = 10.0.40219.1
Project("{FAE04EC0-301F-11D3-BF4B-00C04F79EFBC}") = "Adventure_MAN_Pt1", "Adventure_MAN_Pt1\Adventure_MAN_Pt1.csproj", "{FE5C17AA-6E28-4FFD-8092-43E3C5D1B221}"
EndProject
Global
	GlobalSection(SolutionConfigurationPlatforms) = preSolution
		Debug|Any CPU = Debug|Any CPU
		Release|Any CPU = Release|Any CPU
	EndGlobalSection
	GlobalSection(ProjectConfigurationPlatforms) = postSolution
		{FE5C17AA-6E28-4FFD-8092-43E3C5D1B221}.Debug|Any CPU.ActiveCfg = Debug|Any CPU
		{FE5C17AA-6E28-4FFD-8092-43E3C5D1B221}.Debug|Any CPU.Build.0 = Debug|Any CPU
		{FE5C17AA-6E28-4FFD-8092-43E3C5D1B221}.Release|Any CPU.ActiveCfg = Release|Any CPU
		{FE5C17AA-6E28-4FFD-8092-43E3C5D1B221}.Release|Any CPU.Build.0 = Release|Any CPU
	EndGlobalSection
	GlobalSection(SolutionProperties) = preSolution
		HideSolutionNode = FALSE
	EndGlobalSection
	GlobalSection(ExtensibilityGlobals) = postSolution
		SolutionGuid = {66EFEADD-B0CD-4F96-A84E-7B469854660B}
	EndGlobalSection
EndGlobal
